{
    "_meta": {
        "hash": {
            "sha256": "9340a25682ef288c8aa3fed1955c011403dee47dbc892d0372edbe8e386b5052"
        },
        "host-environment-markers": {
            "implementation_name": "cpython",
            "implementation_version": "3.6.1",
            "os_name": "nt",
            "platform_machine": "AMD64",
            "platform_python_implementation": "CPython",
            "platform_release": "7",
            "platform_system": "Windows",
            "platform_version": "6.1.7601",
            "python_full_version": "3.6.1",
            "python_version": "3.6",
            "sys_platform": "win32"
        },
        "pipfile-spec": 6,
        "requires": {
            "python_version": "3.6"
        },
        "sources": [
            {
                "name": "pypi",
                "url": "https://pypi.python.org/simple",
                "verify_ssl": true
            }
        ]
    },
    "default": {
        "amqp": {
            "hashes": [
                "sha256:4e28d3ea61a64ae61830000c909662cb053642efddbe96503db0e7783a6ee85b",
                "sha256:cba1ace9d4ff6049b190d8b7991f9c1006b443a5238021aca96dd6ad2ac9da22"
            ],
            "version": "==2.2.2"
        },
        "babel": {
            "hashes": [
                "sha256:f20b2acd44f587988ff185d8949c3e208b4b3d5d20fcab7d91fe481ffa435528",
                "sha256:6007daf714d0cd5524bbe436e2d42b3c20e68da66289559341e48d2cd6d25811"
            ],
            "version": "==2.5.1"
        },
        "billiard": {
            "hashes": [
                "sha256:abd9ce008c9a71ccde2c816f8daa36246e92a21e6a799831b887d88277187ecd",
                "sha256:1d7b22bdc47aa52841120fcd22a74ae4fc8c13e9d3935643098184f5788c3ce6"
            ],
            "version": "==3.5.0.3"
        },
        "celery": {
            "hashes": [
                "sha256:81a67f0d53a688ec2bc8557bd5d6d7218f925a6f2e6df80e01560de9e28997ec",
                "sha256:77ff3730198d6a17b3c1f05579ebe570b579efb35f6d7e13dba3b1368d068b35"
            ],
            "version": "==4.1.0"
        },
        "certifi": {
            "hashes": [
                "sha256:54a07c09c586b0e4c619f02a5e94e36619da8e2b053e20f594348c0611803704",
                "sha256:40523d2efb60523e113b44602298f0960e900388cf3bb6043f645cf57ea9e3f5"
            ],
            "version": "==2017.7.27.1"
        },
        "chardet": {
            "hashes": [
                "sha256:fc323ffcaeaed0e0a02bf4d117757b98aed530d9ed4531e3e15460124c106691",
                "sha256:84ab92ed1c4d4f16916e05906b6b75a6c0fb5db821cc65e70cbd64a3e2a5eaae"
            ],
            "version": "==3.0.4"
        },
        "colorama": {
            "hashes": [
                "sha256:463f8483208e921368c9f306094eb6f725c6ca42b0f97e313cb5d5512459feda",
                "sha256:48eb22f4f8461b1df5734a074b57042430fb06e1d61bd1e11b078c0fe6d7a1f1"
            ],
            "markers": "sys_platform == 'win32'",
            "version": "==0.3.9"
        },
        "defusedxml": {
            "hashes": [
                "sha256:702a91ade2968a82beb0db1e0766a6a273f33d4616a6ce8cde475d8e09853b20",
                "sha256:24d7f2f94f7f3cb6061acb215685e5125fbcdc40a857eff9de22518820b0a4f4"
            ],
            "version": "==0.5.0"
        },
        "dj-database-url": {
            "hashes": [
                "sha256:e16d94c382ea0564c48038fa7fe8d9c890ef1ab1a8ec4cb48e732c124b9482fd",
                "sha256:a6832d8445ee9d788c5baa48aef8130bf61fdc442f7d9a548424d25cd85c9f08"
            ],
            "version": "==0.4.2"
        },
        "dj-static": {
            "hashes": [
                "sha256:032ec1c532617922e6e3e956d504a6fb1acce4fc1c7c94612d0fda21828ce8ef"
            ],
            "version": "==0.0.6"
        },
        "django": {
            "hashes": [
                "sha256:7ab6a9c798a5f9f359ee6da3677211f883fb02ef32cebe9b29751eb7a871febf",
                "sha256:c3b42ca1efa1c0a129a9e863134cc3fe705c651dea3a04a7998019e522af0c60"
            ],
            "version": "==1.11.6"
        },
        "django-bootstrap3": {
            "hashes": [
                "sha256:a6fb9a1d86c7c6f80be52dd05fdbdc418032caf2b0b147a47819eadd9757f9d7"
            ],
            "version": "==9.0.0"
        },
        "django-haystack": {
            "hashes": [
                "sha256:0bc91f635211e42de828ab92083e9f5369eda2e94adceb936ad5c0678a01c52e"
            ],
            "version": "==2.6.1"
        },
        "django-taggit": {
            "hashes": [
                "sha256:969a68dc244fd3051589b6b917e26777cdf186f95dd51bf2f023f5446e2ca89e",
                "sha256:87eeae942a2db48bf6e78c081e29d863d8aeab7430427bea3f08b46e801a5191"
            ],
            "version": "==0.22.1"
        },
        "flake8": {
            "hashes": [
                "sha256:c7841163e2b576d435799169b78703ad6ac1bbb0f199994fc05f700b2a90ea37",
                "sha256:7253265f7abd8b313e3892944044a365e3f4ac3fcdcfb4298f55ee9ddf188ba0"
            ],
            "version": "==3.5.0"
        },
        "flower": {
            "hashes": [
                "sha256:a7a828c2dbea7e9cff1c86d63626f0eeb047b1b1e9a0ee5daad30771fb51e6d0"
            ],
            "version": "==0.9.2"
        },
        "gunicorn": {
            "hashes": [
                "sha256:75af03c99389535f218cc596c7de74df4763803f7b63eb09d77e92b3956b36c6",
                "sha256:eee1169f0ca667be05db3351a0960765620dad53f53434262ff8901b68a1b622"
            ],
            "version": "==19.7.1"
        },
        "idna": {
            "hashes": [
                "sha256:8c7309c718f94b3a625cb648ace320157ad16ff131ae0af362c9f21b80ef6ec4",
                "sha256:2c6a5de3089009e3da7c5dde64a141dbc8551d5b7f6cf4ed7c2568d0cc520a8f"
            ],
            "version": "==2.6"
        },
        "kombu": {
            "hashes": [
                "sha256:01f0da9fe222a2183345004243d1518c0fbe5875955f1b24842f2d9c65709ade",
                "sha256:4249d9dd9dbf1fcec471d1c2def20653c9310dd1a217272d77e4844f9d5273cb"
            ],
            "version": "==4.1.0"
        },
        "markdown": {
            "hashes": [
                "sha256:73af797238b95768b3a9b6fe6270e250e5c09d988b8e5b223fd5efa4e06faf81"
            ],
            "version": "==2.6.9"
        },
        "mccabe": {
            "hashes": [
                "sha256:ab8a6258860da4b6677da4bd2fe5dc2c659cff31b3ee4f7f5d64e79735b80d42",
                "sha256:dd8d182285a0fe56bace7f45b5e7d1a6ebcbf524e8f3bd87eb0f125271b8831f"
            ],
            "version": "==0.6.1"
        },
        "oauthlib": {
            "hashes": [
                "sha256:ce57b501e906ff4f614e71c36a3ab9eacbb96d35c24d1970d2539bbc3ec70ce1"
            ],
            "version": "==2.0.6"
        },
        "olefile": {
            "hashes": [
                "sha256:61f2ca0cd0aa77279eb943c07f607438edf374096b66332fae1ee64a6f0f73ad"
            ],
            "version": "==0.44"
        },
        "pillow": {
            "hashes": [
                "sha256:cc6a5ed5b8f9d2f25e4e42d562e0ec4df3ce838f9e9b9d9d9b65fac6fe93a4cc",
                "sha256:54898190b538a6c8fa4228e866ff2e7609da1ba9fd1d9cc5dc8ca591d37ce0a8",
                "sha256:a336596b06e062b92eb8201a3b5dff07ae01c3a5d08ce5539d2da49b123f2be6",
                "sha256:922aeb050bd52d8ce9531ab57fd2440bfe975900e8700fec385fb741c3c557c7",
                "sha256:6d814aa655d94c63547fc3208cb6ab886ff1a64c543b31f52658663b1bb3f011",
                "sha256:e66080685863444738f08e13081c287e340b6e4f8bd674a2e0da967776ac6f46",
                "sha256:575a9b3468c82f38be0419cd39d35001ae95a0cc5226534e45430035fecef583",
                "sha256:4fb8ab0f8895fb946454ef6ffe806f49ee387095f2d6112ae24670e5fb8fbcd9",
                "sha256:1d742642d01914b7e0cf6fd597a51f57d21fd68f794cf84803e03e72db78a261",
                "sha256:59cef683d79b85d55a950c1e61dc7b6be0c45a5074692746354cd9a8ace1cd17",
                "sha256:822e4fc261d12fa44d88dadee0e93d59663db94d962d4ffffbf09b1fe5e5be51",
                "sha256:a6f43511c79bed431ec2b56e55150b5222c732cd9e5f80e77a44e068e94c71fc",
                "sha256:2046a2001e2c413998951cc28aa0dbfd4cff846a12e24c2145d42630d5104094",
                "sha256:39c7c9dcf64430091e30ef14d4191b4cae9b7b5ff29762357730aac4866fb189",
                "sha256:f2d71951f473744ac617b645b62d0c4df5372ef4618c425646bfe5e2e8878e61",
                "sha256:9adcfa2477b7e279ebeee75b49f535518201bbd7d26ca2ef1cf6751cb6e658e8",
                "sha256:0e3b56364a2c772c961a8faad8a835d3f24d8848310de035c9e07cc006035cbc",
                "sha256:92087cb92a968421f42235f7d8153f4766b6ba213a6efb36b8060f3c9d294569",
                "sha256:53eaec751151b5713a15b1cd62b06d0fc16d72f56623c15448728c554c30770b",
                "sha256:e595312f67962d6b4fde3b7dffaaaca4becefa522d677676bb57b0ec5f8f921a",
                "sha256:dc32362d0cadf18c3aef7040455760106cafe7dd3c211dc27c507e746376bb56",
                "sha256:759e5e3e99c4ac87b99e9288a75236c63173d1bb24c8d3f9d9d2c8332fceeb0a",
                "sha256:b13106cb83a3b7d1a02fafb94bfafbc980465ba948b76ea1996245959c6783d2",
                "sha256:9184b9788a9cf677e53626a4dc141136a22d349a5480479b98defd3cfb5015a4",
                "sha256:be803fae6af36639524a0f6861a8cface67bbec66c3416c3eaf592f1d45b8b20",
                "sha256:effa82e72f5064439a3d2c7ff615b999eb1c4d65bb1f1e6ee6e2ddb345b3e81e",
                "sha256:9dc002a914cefa710dcb9fb204d34f6cd822662047a6038178f5fc9bfa7be961",
                "sha256:7b3cf7a80608ed661b77793f64e1f2bd1e77136ad0b750aa2c81fac9c7e2c785",
                "sha256:a9bad3405a642649e68568fe9832e8f6ae585354ab0b4ae250816ead11a553a2",
                "sha256:4d3dbd93b131013a71b2e98530dd4945a03c7994d42381e44a921dd8bec300bc",
                "sha256:9a1514bee2e32e0d4c0f55ba7a20f4387f883e37c7d2db64ca50449ffebe86cc",
                "sha256:a9721fe1f6fdfe0c108ea81b1a05dc216f1ec5bb65ef1de1d85fd00494d019e0",
                "sha256:e75d745306ec8aac0e6903358fdfc7fb6854febe551ed753ee7a1cad058b61bb",
                "sha256:ccc9c1f5ba413fc5ee09bc78de7dd2ad8e189edb48f3bc38acedd04a7f43a0c1",
                "sha256:150e24462fd106074a9a63417a55fbb0c633716cef9511f1bd7a773972de14f4",
                "sha256:250d8470661fd657c2583672ab5139f40e7f2ef28ecdc90f87563af0b27f6fba",
                "sha256:a97c715d44efd5b4aa8d739b8fad88b93ed79f1b33fc2822d5802043f3b1b527",
                "sha256:dbefe5aa0882f00f12eceb3fb7df57105cd87fae767ca025db4685b7577c2390",
                "sha256:62a7bbf0a1120ff07a99ddedd383779a8d80bd9d363f3964b2b43a26cef6ea50",
                "sha256:42b4a67949085ddd4559c3c716a00a275fb45cb2c3a3aeec95c4b94419b7c243",
                "sha256:0ac037e6c1746d63a1ea354f0d5974d8f3f984fc0333be373ad193711a89b1e9",
                "sha256:8989cbf10ea07fc9982ec86116f6234bb3e44da481874ac94650d6176f60106f",
                "sha256:77834551d3e928f3da922ce9dfb5c8db46758ea2f2922d4c5835a5b67a222aff",
                "sha256:c00301e807084706bd46a1c56694ee235debe68eaf482c0186edfe07b93a9f6a",
                "sha256:0163bd681d3488e2e9c26f4fbbfefcfb7f32259c431bfd2c3bc25574708a8b8c",
                "sha256:223b06c337d8d60fb65af3b540ab1fa4644931d61d1fddf6e32f7a0e496685f2",
                "sha256:1ab641cb7daf88e88ede8d3b89b7bd68a7099d8671160492d5e6845e24426080"
            ],
            "version": "==4.3.0"
        },
        "psycopg2": {
            "hashes": [
                "sha256:3ab693b907b2c7a34c1dca198cfc454516cfd75440fd913bb372da6f70d6db55",
                "sha256:3c99c88216e0fc62113a1177aae9db18a533274370e99a4537b433b87b319360",
                "sha256:df70e0a387b0145a7a80de67d43d84e1c5a24a33bbfaedb96271876d573e5fb6",
                "sha256:8d2003d23d8fc59f0f0a2e73c13baa41581006b8227a9d82bbdc1aa233285ba4",
                "sha256:face605eea5826fa36600c04447b61674992bbd5eb177f66f86f61a04436dbd9",
                "sha256:ebee4f59803eda1ed4035649469a713818dbf5b6de2e12396edd9fa228727c20",
                "sha256:4d7c872d9c85745964cf8efabba3fb1a6010b345c18d0e2b620509f0444aa729",
                "sha256:99a298b9030f8fd36f885c5d0661e4d5a059136a541bb6c4d7d1100e38da3cd1",
                "sha256:b7646f7bdb42ba3cf7ef9f500f6514b5e413d25c5b3093d70e6ba52df417a83c",
                "sha256:39369e40bc3e062da5da93ce5f1e7f9bed95e9a60cb6f003d316f2a834722e2d",
                "sha256:c939b238cbc18e786909d20277c9f051241696ebb03ca9e3490094f526ce69a7",
                "sha256:9a0a74a6f20d82c389095c88d4d281e66eb3ffbc09adf543dcec4bec22436569",
                "sha256:16482d050db68503abbb693795d75e9fca287a00f662376759825404533ca87c",
                "sha256:f74e50341f45fb9bcd3598c11b5774c3e4349ee38cf15c342cc7075c73ef1f95",
                "sha256:e80a1ae04218e854a5d71085f9498c8c979033ca855cedeed3afc5d976c348ce",
                "sha256:f07791ee5793621bfaaa844f731529cd72321280f94e8dc3bd4ef524d20f58f2",
                "sha256:0bd0b1cf81eb6d74a77199570d5ce097fb3c6b8e57acc1edd328cef5c552f98a",
                "sha256:4db0de7d6236acbf7d020926489b6c4b98e845ba98df11057f22d54866e26b20",
                "sha256:604c49bf196c654c417ade1dc765bd23fe9bc3392d9a8c7184a7077142d621b3",
                "sha256:6194e81d8839b636118f5275c53be3c70eb3c3abcf836de675c34b20c06025ea",
                "sha256:e26aca5eb272869fdf8e55111f36026517c1c0799eb7ef1ddf67d4412affe1ef",
                "sha256:35d1fec112337c2607c8ca17dee3c2f8455e07dd69d140ff8e86ef1240dace3d",
                "sha256:891a70235c202158780fc0ab98d7ca2a7ed1625c26725b15119d47b2d852a5c6",
                "sha256:4cca242df228364b4de6241c54553301856bc253d7f21e15009b11c812eb7b5c",
                "sha256:3fbba0dd7f3ac458f355dcfc4d7d9cd082c19748e453bcd81bf9d8bc14260c01",
                "sha256:04a5b2805c620ddecdff33e015631cc8d7ea8dd01e1fcc930bfe002fdc26b9e0",
                "sha256:4fbe2c29f6d4c8d9eac5fc3c42c42036e7cc58e225036130b7713afa72489aac",
                "sha256:471e3140e1cb241ecb53602cdc98fe305b82c854cfa53c3e343d642683dc96c7",
                "sha256:279dbf220c94c9f73aefac719ea3b9550ca791389bc9184c15e835516bc8428d",
                "sha256:a4d7134058e8869d785c0be386cd702fe2a4be14b678d7571a51045e1bbad862",
                "sha256:9b7b16e26448b43cf167f785d8b5345007731ebf153a510e12dae826800caa65"
            ],
            "version": "==2.7.3.1"
        },
        "py": {
            "hashes": [
                "sha256:2ccb79b01769d99115aa600d7eed99f524bf752bba8f041dc1c184853514655a",
                "sha256:0f2d585d22050e90c7d293b6451c83db097df77871974d90efd5a30dc12fcde3"
            ],
            "version": "==1.4.34"
        },
        "pycodestyle": {
            "hashes": [
                "sha256:6c4245ade1edfad79c3446fadfc96b0de2759662dc29d07d80a6f27ad1ca6ba9",
                "sha256:682256a5b318149ca0d2a9185d365d8864a768a28db66a84a2ea946bcc426766"
            ],
            "version": "==2.3.1"
        },
        "pyflakes": {
            "hashes": [
                "sha256:08bd6a50edf8cffa9fa09a463063c425ecaaf10d1eb0335a7e8b1401aef89e6f",
                "sha256:8d616a382f243dbf19b54743f280b80198be0bca3a5396f1d2e1fca6223e8805"
            ],
            "version": "==1.6.0"
        },
        "pyjwt": {
            "hashes": [
                "sha256:a4e5f1441e3ca7b382fd0c0b416777ced1f97c64ef0c33bfa39daf38505cfd2f",
                "sha256:500be75b17a63f70072416843dc80c8821109030be824f4d14758f114978bae7"
            ],
            "version": "==1.5.3"
        },
        "pysolr": {
            "hashes": [
                "sha256:fd1233e80dcfb7405ca5a33982f485f2ab2f8dffc675c52eff3b33eec950c060",
                "sha256:f94292c1002dbbbfaecaad18fec39cc4bff843b459c8851a2234f2799788ac6f"
            ],
            "version": "==3.6.0"
        },
        "pytest": {
            "hashes": [
                "sha256:81a25f36a97da3313e1125fce9e7bbbba565bc7fec3c5beb14c262ddab238ac1",
                "sha256:27fa6617efc2869d3e969a3e75ec060375bfb28831ade8b5cdd68da3a741dc3c"
            ],
            "version": "==3.2.3"
        },
        "python-social-auth": {
            "hashes": [
                "sha256:9aaad6f7bf83fd129620eadaab1e78e63200da61a5d8898fd1aa243686b36575",
                "sha256:8aac8531f7dd4d1b9af606654532fef4f615cb437774a7a1f8dcdebe89c17664",
                "sha256:6986220df76934aee15c54938a13ebe370a1976e043af01fa3bea417f6722e74"
            ],
            "version": "==0.3.6"
        },
        "python3-openid": {
            "hashes": [
                "sha256:0086da6b6ef3161cfe50fb1ee5cceaf2cda1700019fda03c2c5c440ca6abe4fa",
                "sha256:628d365d687e12da12d02c6691170f4451db28d6d68d050007e4a40065868502"
            ],
            "version": "==3.1.0"
        },
        "pytz": {
            "hashes": [
                "sha256:c883c2d6670042c7bc1688645cac73dd2b03193d1f7a6847b6154e96890be06d",
                "sha256:03c9962afe00e503e2d96abab4e8998a0f84d4230fa57afe1e0528473698cdd9",
                "sha256:487e7d50710661116325747a9cd1744d3323f8e49748e287bc9e659060ec6bf9",
                "sha256:43f52d4c6a0be301d53ebd867de05e2926c35728b3260157d274635a0a947f1c",
                "sha256:d1d6729c85acea5423671382868627129432fba9a89ecbb248d8d1c7a9f01c67",
                "sha256:54a935085f7bf101f86b2aff75bd9672b435f51c3339db2ff616e66845f2b8f9",
                "sha256:39504670abb5dae77f56f8eb63823937ce727d7cdd0088e6909e6dcac0f89043",
                "sha256:ddc93b6d41cfb81266a27d23a79e13805d4a5521032b512643af8729041a81b4",
                "sha256:f5c056e8f62d45ba8215e5cb8f50dfccb198b4b9fbea8500674f3443e4689589"
            ],
            "version": "==2017.2"
        },
        "redis": {
            "hashes": [
                "sha256:8a1900a9f2a0a44ecf6e8b5eb3e967a9909dfed219ad66df094f27f7d6f330fb",
                "sha256:a22ca993cea2962dbb588f9f30d0015ac4afcc45bee27d3978c0dbe9e97c6c0f"
            ],
            "version": "==2.10.6"
        },
        "requests": {
            "hashes": [
                "sha256:6a1b267aa90cac58ac3a765d067950e7dbbf75b1da07e895d1f594193a40a38b",
                "sha256:9c443e7324ba5b85070c4a818ade28bfabedf16ea10206da1132edaa6dda237e"
            ],
            "version": "==2.18.4"
        },
        "requests-oauthlib": {
            "hashes": [
                "sha256:50a8ae2ce8273e384895972b56193c7409601a66d4975774c60c2aed869639ca",
                "sha256:883ac416757eada6d3d07054ec7092ac21c7f35cb1d2cf82faf205637081f468"
            ],
            "version": "==0.8.0"
        },
        "six": {
            "hashes": [
                "sha256:832dc0e10feb1aa2c68dcc57dbb658f1c7e65b9b61af69048abc87a2db00a0eb",
                "sha256:70e8a77beed4562e7f14fe23a786b54f6296e34344c23bc42f07b15018ff98e9"
            ],
            "version": "==1.11.0"
        },
        "social-auth-app-django": {
            "hashes": [
                "sha256:babc03c024ce719808af534167b9f5b76bb8b0aa0adfd1db01b124542ab906e1",
                "sha256:c853c15bf287e8400c687340b11278539838c1d2b911df264a38e60add0ac6f3",
                "sha256:3476aa7463ca821d1b1d8381d46b4c186b2b874d0e55541b087be596b2413acb"
            ],
            "version": "==1.2.0"
        },
        "social-auth-core": {
            "hashes": [
                "sha256:8a1b83995e891989195ef34ad46bd8fd6e98d8bc4510d3e5b34f7c24acc794c4",
                "sha256:c5c150e048a81bc292f57f6f05cad0a13d5a29589b3e085fcf39007c2312223b",
                "sha256:f83005f42cf3d870b49a3c9fddc2b2e8ec28fbb367626a304190b52e151e059d"
            ],
            "version": "==1.4.0"
        },
        "sorl-thumbnail": {
            "hashes": [
                "sha256:bb277dc98daa07e892d429b73eed749411f7eff1ee6feef142a19e029582e8cd",
                "sha256:ce91c5b112a2ef930a09625adbd99682bd62f34be1963c28f3ffc0d0138a07fd"
            ],
            "version": "==12.3"
        },
        "static3": {
            "hashes": [
                "sha256:674641c64bc75507af2eb20bef7e7e3593dca993dec6674be108fa15b42f47c8"
            ],
            "version": "==0.7.0"
        },
        "tornado": {
            "hashes": [
                "sha256:62a5d4c66bf4e86d25a02e9de97293860b59e61f9c465e80336ba0fc308aacf6",
                "sha256:f109c066411c44bcd3bc877267b45feb8e29092ede59dd0582739444c2344b00",
                "sha256:e66f47db4753c6f6849af1f82f04bdc7d2c1f5d64b7cc11ddd17230295c8887f",
                "sha256:2b40720a7b164848ca5c51fab0feac7e3717adcb87bec77f81f7809b72bf7f56",
                "sha256:1fb8e494cd46c674d86fac5885a3ff87b0e283937a47d74eb3c02a48c9e89ad0"
            ],
            "version": "==4.5.2"
        },
        "urllib3": {
            "hashes": [
                "sha256:06330f386d6e4b195fbfc736b297f58c5a892e4440e54d294d7004e3a9bbea1b",
                "sha256:cc44da8e1145637334317feebd728bd869a35285b93cbb4cca2577da7e62db4f"
            ],
            "version": "==1.22"
        },
        "vine": {
            "hashes": [
                "sha256:6849544be74ec3638e84d90bc1cf2e1e9224cc10d96cd4383ec3f69e9bce077b",
                "sha256:52116d59bc45392af9fdd3b75ed98ae48a93e822cee21e5fda249105c59a7a72"
            ],
            "version": "==1.1.4"
        }
    },
    "develop": {}
}
